
Microsoft Visual Studio Solution File, Format Version 12.00
# Visual Studio Version 16
VisualStudioVersion = 16.0.31624.102
MinimumVisualStudioVersion = 10.0.40219.1
Project("{2150E333-8FDC-42A3-9474-1A3956D46DE8}") = "src", "src", "{C7E31392-5733-42ED-8F2E-5899C74BB531}"
EndProject
Project("{9A19103F-16F7-4668-BE54-9A1E7A4F7556}") = "Domain", "src\Domain\Domain.csproj", "{E8E5C56C-B649-449B-8AE0-6E0F9F10DBCA}"
EndProject
Project("{2150E333-8FDC-42A3-9474-1A3956D46DE8}") = "test", "test", "{61BEFE62-6CE3-4823-975A-C2A86FCF66BD}"
EndProject
Project("{9A19103F-16F7-4668-BE54-9A1E7A4F7556}") = "Infrastructure.Persistence", "src\Infrastructure.Persistence\Infrastructure.Persistence.csproj", "{9E0FCB88-153B-4CBD-B650-E69FF480DA7A}"
EndProject
Project("{9A19103F-16F7-4668-BE54-9A1E7A4F7556}") = "Application", "src\Application\Application.csproj", "{4C0D4928-5F49-4CD2-9B4F-B5C3103D0274}"
EndProject
Project("{9A19103F-16F7-4668-BE54-9A1E7A4F7556}") = "Application.UnitTest", "Application.UnitTest\Application.UnitTest.csproj", "{95EC5795-1FC9-4DEF-9018-1BC6E8A60773}"
EndProject
Project("{9A19103F-16F7-4668-BE54-9A1E7A4F7556}") = "Infrastructure.UnitTest", "Infrastructure.UnitTest\Infrastructure.UnitTest.csproj", "{316040BC-AB24-4187-8F2D-A0EBA9635732}"
EndProject
Project("{9A19103F-16F7-4668-BE54-9A1E7A4F7556}") = "WebAPI", "src\WebAPI\WebAPI.csproj", "{4D2273A4-FE6E-4CDA-BB75-EE239C7E968D}"
EndProject
Project("{9A19103F-16F7-4668-BE54-9A1E7A4F7556}") = "Infrastructure.Shared", "src\Infrastructure.Shared\Infrastructure.Shared.csproj", "{73DEEDAF-F889-485A-9F4F-6E5B3E080845}"
EndProject
Global
	GlobalSection(SolutionConfigurationPlatforms) = preSolution
		Debug|Any CPU = Debug|Any CPU
		Release|Any CPU = Release|Any CPU
	EndGlobalSection
	GlobalSection(ProjectConfigurationPlatforms) = postSolution
		{E8E5C56C-B649-449B-8AE0-6E0F9F10DBCA}.Debug|Any CPU.ActiveCfg = Debug|Any CPU
		{E8E5C56C-B649-449B-8AE0-6E0F9F10DBCA}.Debug|Any CPU.Build.0 = Debug|Any CPU
		{E8E5C56C-B649-449B-8AE0-6E0F9F10DBCA}.Release|Any CPU.ActiveCfg = Release|Any CPU
		{E8E5C56C-B649-449B-8AE0-6E0F9F10DBCA}.Release|Any CPU.Build.0 = Release|Any CPU
		{9E0FCB88-153B-4CBD-B650-E69FF480DA7A}.Debug|Any CPU.ActiveCfg = Debug|Any CPU
		{9E0FCB88-153B-4CBD-B650-E69FF480DA7A}.Debug|Any CPU.Build.0 = Debug|Any CPU
		{9E0FCB88-153B-4CBD-B650-E69FF480DA7A}.Release|Any CPU.ActiveCfg = Release|Any CPU
		{9E0FCB88-153B-4CBD-B650-E69FF480DA7A}.Release|Any CPU.Build.0 = Release|Any CPU
		{4C0D4928-5F49-4CD2-9B4F-B5C3103D0274}.Debug|Any CPU.ActiveCfg = Debug|Any CPU
		{4C0D4928-5F49-4CD2-9B4F-B5C3103D0274}.Debug|Any CPU.Build.0 = Debug|Any CPU
		{4C0D4928-5F49-4CD2-9B4F-B5C3103D0274}.Release|Any CPU.ActiveCfg = Release|Any CPU
		{4C0D4928-5F49-4CD2-9B4F-B5C3103D0274}.Release|Any CPU.Build.0 = Release|Any CPU
		{95EC5795-1FC9-4DEF-9018-1BC6E8A60773}.Debug|Any CPU.ActiveCfg = Debug|Any CPU
		{95EC5795-1FC9-4DEF-9018-1BC6E8A60773}.Debug|Any CPU.Build.0 = Debug|Any CPU
		{95EC5795-1FC9-4DEF-9018-1BC6E8A60773}.Release|Any CPU.ActiveCfg = Release|Any CPU
		{95EC5795-1FC9-4DEF-9018-1BC6E8A60773}.Release|Any CPU.Build.0 = Release|Any CPU
		{316040BC-AB24-4187-8F2D-A0EBA9635732}.Debug|Any CPU.ActiveCfg = Debug|Any CPU
		{316040BC-AB24-4187-8F2D-A0EBA9635732}.Debug|Any CPU.Build.0 = Debug|Any CPU
		{316040BC-AB24-4187-8F2D-A0EBA9635732}.Release|Any CPU.ActiveCfg = Release|Any CPU
		{316040BC-AB24-4187-8F2D-A0EBA9635732}.Release|Any CPU.Build.0 = Release|Any CPU
		{4D2273A4-FE6E-4CDA-BB75-EE239C7E968D}.Debug|Any CPU.ActiveCfg = Debug|Any CPU
		{4D2273A4-FE6E-4CDA-BB75-EE239C7E968D}.Debug|Any CPU.Build.0 = Debug|Any CPU
		{4D2273A4-FE6E-4CDA-BB75-EE239C7E968D}.Release|Any CPU.ActiveCfg = Release|Any CPU
		{4D2273A4-FE6E-4CDA-BB75-EE239C7E968D}.Release|Any CPU.Build.0 = Release|Any CPU
		{73DEEDAF-F889-485A-9F4F-6E5B3E080845}.Debug|Any CPU.ActiveCfg = Debug|Any CPU
		{73DEEDAF-F889-485A-9F4F-6E5B3E080845}.Debug|Any CPU.Build.0 = Debug|Any CPU
		{73DEEDAF-F889-485A-9F4F-6E5B3E080845}.Release|Any CPU.ActiveCfg = Release|Any CPU
		{73DEEDAF-F889-485A-9F4F-6E5B3E080845}.Release|Any CPU.Build.0 = Release|Any CPU
	EndGlobalSection
	GlobalSection(SolutionProperties) = preSolution
		HideSolutionNode = FALSE
	EndGlobalSection
	GlobalSection(NestedProjects) = preSolution
		{E8E5C56C-B649-449B-8AE0-6E0F9F10DBCA} = {C7E31392-5733-42ED-8F2E-5899C74BB531}
		{9E0FCB88-153B-4CBD-B650-E69FF480DA7A} = {C7E31392-5733-42ED-8F2E-5899C74BB531}
		{4C0D4928-5F49-4CD2-9B4F-B5C3103D0274} = {C7E31392-5733-42ED-8F2E-5899C74BB531}
		{95EC5795-1FC9-4DEF-9018-1BC6E8A60773} = {61BEFE62-6CE3-4823-975A-C2A86FCF66BD}
		{316040BC-AB24-4187-8F2D-A0EBA9635732} = {61BEFE62-6CE3-4823-975A-C2A86FCF66BD}
		{4D2273A4-FE6E-4CDA-BB75-EE239C7E968D} = {C7E31392-5733-42ED-8F2E-5899C74BB531}
		{73DEEDAF-F889-485A-9F4F-6E5B3E080845} = {C7E31392-5733-42ED-8F2E-5899C74BB531}
	EndGlobalSection
	GlobalSection(ExtensibilityGlobals) = postSolution
		SolutionGuid = {3317D2D6-C70E-4AF0-B897-DC1B0FBA0491}
	EndGlobalSection
EndGlobal
